
Microsoft Visual Studio Solution File, Format Version 12.00
# Visual Studio Version 17
VisualStudioVersion = 17.10.35004.147
MinimumVisualStudioVersion = 10.0.40219.1
Project("{FAE04EC0-301F-11D3-BF4B-00C04F79EFBC}") = "2033212004_lamtuandat_buoi4", "2033212004_lamtuandat_buoi4\2033212004_lamtuandat_buoi4.csproj", "{8655F58B-29E6-4943-A59F-F125F65FDD77}"
EndProject
Project("{FAE04EC0-301F-11D3-BF4B-00C04F79EFBC}") = "2033212004_lamtuandat_cau2", "2033212004_lamtuandat_cau2\2033212004_lamtuandat_cau2.csproj", "{6EE66FC7-1449-41F4-9499-BA95EA97F04F}"
EndProject
Global
	GlobalSection(SolutionConfigurationPlatforms) = preSolution
		Debug|Any CPU = Debug|Any CPU
		Release|Any CPU = Release|Any CPU
	EndGlobalSection
	GlobalSection(ProjectConfigurationPlatforms) = postSolution
		{8655F58B-29E6-4943-A59F-F125F65FDD77}.Debug|Any CPU.ActiveCfg = Debug|Any CPU
		{8655F58B-29E6-4943-A59F-F125F65FDD77}.Debug|Any CPU.Build.0 = Debug|Any CPU
		{8655F58B-29E6-4943-A59F-F125F65FDD77}.Release|Any CPU.ActiveCfg = Release|Any CPU
		{8655F58B-29E6-4943-A59F-F125F65FDD77}.Release|Any CPU.Build.0 = Release|Any CPU
		{6EE66FC7-1449-41F4-9499-BA95EA97F04F}.Debug|Any CPU.ActiveCfg = Debug|Any CPU
		{6EE66FC7-1449-41F4-9499-BA95EA97F04F}.Debug|Any CPU.Build.0 = Debug|Any CPU
		{6EE66FC7-1449-41F4-9499-BA95EA97F04F}.Release|Any CPU.ActiveCfg = Release|Any CPU
		{6EE66FC7-1449-41F4-9499-BA95EA97F04F}.Release|Any CPU.Build.0 = Release|Any CPU
	EndGlobalSection
	GlobalSection(SolutionProperties) = preSolution
		HideSolutionNode = FALSE
	EndGlobalSection
	GlobalSection(ExtensibilityGlobals) = postSolution
		SolutionGuid = {68EA625B-8428-4A05-8EAD-43C41C19A755}
	EndGlobalSection
EndGlobal
